
Microsoft Visual Studio Solution File, Format Version 12.00
# Visual Studio Version 16
VisualStudioVersion = 16.0.28917.181
MinimumVisualStudioVersion = 10.0.40219.1
Project("{FAE04EC0-301F-11D3-BF4B-00C04F79EFBC}") = "GraphicsToolKit", "GraphicsToolKit\GraphicsToolKit.csproj", "{A5D47250-59EF-4494-B435-12475D9400FE}"
EndProject
Global
	GlobalSection(SolutionConfigurationPlatforms) = preSolution
		Debug|Any CPU = Debug|Any CPU
		Release|Any CPU = Release|Any CPU
	EndGlobalSection
	GlobalSection(ProjectConfigurationPlatforms) = postSolution
		{A5D47250-59EF-4494-B435-12475D9400FE}.Debug|Any CPU.ActiveCfg = Debug|Any CPU
		{A5D47250-59EF-4494-B435-12475D9400FE}.Debug|Any CPU.Build.0 = Debug|Any CPU
		{A5D47250-59EF-4494-B435-12475D9400FE}.Release|Any CPU.ActiveCfg = Release|Any CPU
		{A5D47250-59EF-4494-B435-12475D9400FE}.Release|Any CPU.Build.0 = Release|Any CPU
	EndGlobalSection
	GlobalSection(SolutionProperties) = preSolution
		HideSolutionNode = FALSE
	EndGlobalSection
	GlobalSection(ExtensibilityGlobals) = postSolution
		SolutionGuid = {6804A9BA-5499-4F0D-A3CF-A2FF860FD1ED}
	EndGlobalSection
EndGlobal
